
Microsoft Visual Studio Solution File, Format Version 12.00
# Visual Studio Version 17
VisualStudioVersion = 17.0.32126.317
MinimumVisualStudioVersion = 10.0.40219.1
Project("{9A19103F-16F7-4668-BE54-9A1E7A4F7556}") = "AspNetCoreDashboardBackend", "AspNetCoreDashboardBackend.csproj", "{4D3E72E6-D127-4DBF-AE46-A6C926D6E08D}"
EndProject
Global
	GlobalSection(SolutionConfigurationPlatforms) = preSolution
		Debug|Any CPU = Debug|Any CPU
		Release|Any CPU = Release|Any CPU
	EndGlobalSection
	GlobalSection(ProjectConfigurationPlatforms) = postSolution
		{4D3E72E6-D127-4DBF-AE46-A6C926D6E08D}.Debug|Any CPU.ActiveCfg = Debug|Any CPU
		{4D3E72E6-D127-4DBF-AE46-A6C926D6E08D}.Debug|Any CPU.Build.0 = Debug|Any CPU
		{4D3E72E6-D127-4DBF-AE46-A6C926D6E08D}.Release|Any CPU.ActiveCfg = Release|Any CPU
		{4D3E72E6-D127-4DBF-AE46-A6C926D6E08D}.Release|Any CPU.Build.0 = Release|Any CPU
	EndGlobalSection
	GlobalSection(SolutionProperties) = preSolution
		HideSolutionNode = FALSE
	EndGlobalSection
	GlobalSection(ExtensibilityGlobals) = postSolution
		SolutionGuid = {CE152EED-45C9-445E-ADE8-9331363A0F13}
	EndGlobalSection
EndGlobal
